
Microsoft Visual Studio Solution File, Format Version 12.00
# Visual Studio Version 16
VisualStudioVersion = 16.0.30413.136
MinimumVisualStudioVersion = 10.0.40219.1
Project("{FAE04EC0-301F-11D3-BF4B-00C04F79EFBC}") = "azure-function-sample-http", "azure-function-sample-http.csproj", "{5C86251A-AA15-4787-9D88-6162ABBD427C}"
EndProject
Global
	GlobalSection(SolutionConfigurationPlatforms) = preSolution
		Debug|Any CPU = Debug|Any CPU
		Release|Any CPU = Release|Any CPU
	EndGlobalSection
	GlobalSection(ProjectConfigurationPlatforms) = postSolution
		{5C86251A-AA15-4787-9D88-6162ABBD427C}.Debug|Any CPU.ActiveCfg = Debug|Any CPU
		{5C86251A-AA15-4787-9D88-6162ABBD427C}.Debug|Any CPU.Build.0 = Debug|Any CPU
		{5C86251A-AA15-4787-9D88-6162ABBD427C}.Release|Any CPU.ActiveCfg = Release|Any CPU
		{5C86251A-AA15-4787-9D88-6162ABBD427C}.Release|Any CPU.Build.0 = Release|Any CPU
	EndGlobalSection
	GlobalSection(SolutionProperties) = preSolution
		HideSolutionNode = FALSE
	EndGlobalSection
	GlobalSection(ExtensibilityGlobals) = postSolution
		SolutionGuid = {2BA0554F-D879-470B-84D4-ED63C1949E2A}
	EndGlobalSection
EndGlobal
