
Microsoft Visual Studio Solution File, Format Version 12.00
# Visual Studio Version 16
VisualStudioVersion = 16.0.30413.136
MinimumVisualStudioVersion = 10.0.40219.1
Project("{FAE04EC0-301F-11D3-BF4B-00C04F79EFBC}") = "SampleWebApp", "SampleWebApp.csproj", "{1909383C-DEC9-45E3-9754-AFB571DE9C60}"
EndProject
Global
	GlobalSection(SolutionConfigurationPlatforms) = preSolution
		Debug|Any CPU = Debug|Any CPU
		Release|Any CPU = Release|Any CPU
	EndGlobalSection
	GlobalSection(ProjectConfigurationPlatforms) = postSolution
		{1909383C-DEC9-45E3-9754-AFB571DE9C60}.Debug|Any CPU.ActiveCfg = Debug|Any CPU
		{1909383C-DEC9-45E3-9754-AFB571DE9C60}.Debug|Any CPU.Build.0 = Debug|Any CPU
		{1909383C-DEC9-45E3-9754-AFB571DE9C60}.Release|Any CPU.ActiveCfg = Release|Any CPU
		{1909383C-DEC9-45E3-9754-AFB571DE9C60}.Release|Any CPU.Build.0 = Release|Any CPU
	EndGlobalSection
	GlobalSection(SolutionProperties) = preSolution
		HideSolutionNode = FALSE
	EndGlobalSection
	GlobalSection(ExtensibilityGlobals) = postSolution
		SolutionGuid = {0D5A6C95-8C30-4568-8B90-E891BDD1FE4F}
	EndGlobalSection
EndGlobal
