
Microsoft Visual Studio Solution File, Format Version 12.00
# Visual Studio 15
VisualStudioVersion = 15.0.28010.0
MinimumVisualStudioVersion = 10.0.40219.1
Project("{FAE04EC0-301F-11D3-BF4B-00C04F79EFBC}") = "DemoG", "DemoG\DemoG.csproj", "{97D8D11D-CB6A-4617-9343-E08AB34C3BA9}"
EndProject
Global
	GlobalSection(SolutionConfigurationPlatforms) = preSolution
		Debug|Any CPU = Debug|Any CPU
		Release|Any CPU = Release|Any CPU
	EndGlobalSection
	GlobalSection(ProjectConfigurationPlatforms) = postSolution
		{97D8D11D-CB6A-4617-9343-E08AB34C3BA9}.Debug|Any CPU.ActiveCfg = Debug|Any CPU
		{97D8D11D-CB6A-4617-9343-E08AB34C3BA9}.Debug|Any CPU.Build.0 = Debug|Any CPU
		{97D8D11D-CB6A-4617-9343-E08AB34C3BA9}.Release|Any CPU.ActiveCfg = Release|Any CPU
		{97D8D11D-CB6A-4617-9343-E08AB34C3BA9}.Release|Any CPU.Build.0 = Release|Any CPU
	EndGlobalSection
	GlobalSection(SolutionProperties) = preSolution
		HideSolutionNode = FALSE
	EndGlobalSection
	GlobalSection(ExtensibilityGlobals) = postSolution
		SolutionGuid = {8472FA4C-6911-4692-AF78-354F8B903EAB}
	EndGlobalSection
EndGlobal
